
Microsoft Visual Studio Solution File, Format Version 12.00
# Visual Studio 15
VisualStudioVersion = 15.0.28010.2016
MinimumVisualStudioVersion = 10.0.40219.1
Project("{FAE04EC0-301F-11D3-BF4B-00C04F79EFBC}") = "demo chart.Android", "demo chart\demo chart.Android\demo chart.Android.csproj", "{8C03FE94-2D92-4CB8-A041-CB0A932ED810}"
EndProject
Project("{FAE04EC0-301F-11D3-BF4B-00C04F79EFBC}") = "demo chart.iOS", "demo chart\demo chart.iOS\demo chart.iOS.csproj", "{34AC143E-1536-4F1D-8EA3-EC7085F55BB9}"
EndProject
Project("{FAE04EC0-301F-11D3-BF4B-00C04F79EFBC}") = "demo chart", "demo chart\demo chart\demo chart.csproj", "{1F806789-67D0-4C7C-AD78-9A4D56F3AF9F}"
EndProject
Global
	GlobalSection(SolutionConfigurationPlatforms) = preSolution
		Ad-Hoc|Any CPU = Ad-Hoc|Any CPU
		Ad-Hoc|iPhone = Ad-Hoc|iPhone
		Ad-Hoc|iPhoneSimulator = Ad-Hoc|iPhoneSimulator
		AppStore|Any CPU = AppStore|Any CPU
		AppStore|iPhone = AppStore|iPhone
		AppStore|iPhoneSimulator = AppStore|iPhoneSimulator
		Debug|Any CPU = Debug|Any CPU
		Debug|iPhone = Debug|iPhone
		Debug|iPhoneSimulator = Debug|iPhoneSimulator
		Release|Any CPU = Release|Any CPU
		Release|iPhone = Release|iPhone
		Release|iPhoneSimulator = Release|iPhoneSimulator
	EndGlobalSection
	GlobalSection(ProjectConfigurationPlatforms) = postSolution
		{8C03FE94-2D92-4CB8-A041-CB0A932ED810}.Ad-Hoc|Any CPU.ActiveCfg = Release|Any CPU
		{8C03FE94-2D92-4CB8-A041-CB0A932ED810}.Ad-Hoc|Any CPU.Build.0 = Release|Any CPU
		{8C03FE94-2D92-4CB8-A041-CB0A932ED810}.Ad-Hoc|Any CPU.Deploy.0 = Release|Any CPU
		{8C03FE94-2D92-4CB8-A041-CB0A932ED810}.Ad-Hoc|iPhone.ActiveCfg = Release|Any CPU
		{8C03FE94-2D92-4CB8-A041-CB0A932ED810}.Ad-Hoc|iPhone.Build.0 = Release|Any CPU
		{8C03FE94-2D92-4CB8-A041-CB0A932ED810}.Ad-Hoc|iPhone.Deploy.0 = Release|Any CPU
		{8C03FE94-2D92-4CB8-A041-CB0A932ED810}.Ad-Hoc|iPhoneSimulator.ActiveCfg = Release|Any CPU
		{8C03FE94-2D92-4CB8-A041-CB0A932ED810}.Ad-Hoc|iPhoneSimulator.Build.0 = Release|Any CPU
		{8C03FE94-2D92-4CB8-A041-CB0A932ED810}.Ad-Hoc|iPhoneSimulator.Deploy.0 = Release|Any CPU
		{8C03FE94-2D92-4CB8-A041-CB0A932ED810}.AppStore|Any CPU.ActiveCfg = Release|Any CPU
		{8C03FE94-2D92-4CB8-A041-CB0A932ED810}.AppStore|Any CPU.Build.0 = Release|Any CPU
		{8C03FE94-2D92-4CB8-A041-CB0A932ED810}.AppStore|Any CPU.Deploy.0 = Release|Any CPU
		{8C03FE94-2D92-4CB8-A041-CB0A932ED810}.AppStore|iPhone.ActiveCfg = Release|Any CPU
		{8C03FE94-2D92-4CB8-A041-CB0A932ED810}.AppStore|iPhone.Build.0 = Release|Any CPU
		{8C03FE94-2D92-4CB8-A041-CB0A932ED810}.AppStore|iPhone.Deploy.0 = Release|Any CPU
		{8C03FE94-2D92-4CB8-A041-CB0A932ED810}.AppStore|iPhoneSimulator.ActiveCfg = Release|Any CPU
		{8C03FE94-2D92-4CB8-A041-CB0A932ED810}.AppStore|iPhoneSimulator.Build.0 = Release|Any CPU
		{8C03FE94-2D92-4CB8-A041-CB0A932ED810}.AppStore|iPhoneSimulator.Deploy.0 = Release|Any CPU
		{8C03FE94-2D92-4CB8-A041-CB0A932ED810}.Debug|Any CPU.ActiveCfg = Debug|Any CPU
		{8C03FE94-2D92-4CB8-A041-CB0A932ED810}.Debug|Any CPU.Build.0 = Debug|Any CPU
		{8C03FE94-2D92-4CB8-A041-CB0A932ED810}.Debug|Any CPU.Deploy.0 = Debug|Any CPU
		{8C03FE94-2D92-4CB8-A041-CB0A932ED810}.Debug|iPhone.ActiveCfg = Debug|Any CPU
		{8C03FE94-2D92-4CB8-A041-CB0A932ED810}.Debug|iPhone.Build.0 = Debug|Any CPU
		{8C03FE94-2D92-4CB8-A041-CB0A932ED810}.Debug|iPhone.Deploy.0 = Debug|Any CPU
		{8C03FE94-2D92-4CB8-A041-CB0A932ED810}.Debug|iPhoneSimulator.ActiveCfg = Debug|Any CPU
		{8C03FE94-2D92-4CB8-A041-CB0A932ED810}.Debug|iPhoneSimulator.Build.0 = Debug|Any CPU
		{8C03FE94-2D92-4CB8-A041-CB0A932ED810}.Debug|iPhoneSimulator.Deploy.0 = Debug|Any CPU
		{8C03FE94-2D92-4CB8-A041-CB0A932ED810}.Release|Any CPU.ActiveCfg = Release|Any CPU
		{8C03FE94-2D92-4CB8-A041-CB0A932ED810}.Release|Any CPU.Build.0 = Release|Any CPU
		{8C03FE94-2D92-4CB8-A041-CB0A932ED810}.Release|Any CPU.Deploy.0 = Release|Any CPU
		{8C03FE94-2D92-4CB8-A041-CB0A932ED810}.Release|iPhone.ActiveCfg = Release|Any CPU
		{8C03FE94-2D92-4CB8-A041-CB0A932ED810}.Release|iPhone.Build.0 = Release|Any CPU
		{8C03FE94-2D92-4CB8-A041-CB0A932ED810}.Release|iPhone.Deploy.0 = Release|Any CPU
		{8C03FE94-2D92-4CB8-A041-CB0A932ED810}.Release|iPhoneSimulator.ActiveCfg = Release|Any CPU
		{8C03FE94-2D92-4CB8-A041-CB0A932ED810}.Release|iPhoneSimulator.Build.0 = Release|Any CPU
		{8C03FE94-2D92-4CB8-A041-CB0A932ED810}.Release|iPhoneSimulator.Deploy.0 = Release|Any CPU
		{34AC143E-1536-4F1D-8EA3-EC7085F55BB9}.Ad-Hoc|Any CPU.ActiveCfg = Ad-Hoc|iPhone
		{34AC143E-1536-4F1D-8EA3-EC7085F55BB9}.Ad-Hoc|Any CPU.Build.0 = Ad-Hoc|iPhone
		{34AC143E-1536-4F1D-8EA3-EC7085F55BB9}.Ad-Hoc|Any CPU.Deploy.0 = Ad-Hoc|iPhone
		{34AC143E-1536-4F1D-8EA3-EC7085F55BB9}.Ad-Hoc|iPhone.ActiveCfg = Ad-Hoc|iPhone
		{34AC143E-1536-4F1D-8EA3-EC7085F55BB9}.Ad-Hoc|iPhone.Build.0 = Ad-Hoc|iPhone
		{34AC143E-1536-4F1D-8EA3-EC7085F55BB9}.Ad-Hoc|iPhone.Deploy.0 = Ad-Hoc|iPhone
		{34AC143E-1536-4F1D-8EA3-EC7085F55BB9}.Ad-Hoc|iPhoneSimulator.ActiveCfg = Ad-Hoc|iPhoneSimulator
		{34AC143E-1536-4F1D-8EA3-EC7085F55BB9}.Ad-Hoc|iPhoneSimulator.Build.0 = Ad-Hoc|iPhoneSimulator
		{34AC143E-1536-4F1D-8EA3-EC7085F55BB9}.Ad-Hoc|iPhoneSimulator.Deploy.0 = Ad-Hoc|iPhoneSimulator
		{34AC143E-1536-4F1D-8EA3-EC7085F55BB9}.AppStore|Any CPU.ActiveCfg = AppStore|iPhone
		{34AC143E-1536-4F1D-8EA3-EC7085F55BB9}.AppStore|Any CPU.Build.0 = AppStore|iPhone
		{34AC143E-1536-4F1D-8EA3-EC7085F55BB9}.AppStore|Any CPU.Deploy.0 = AppStore|iPhone
		{34AC143E-1536-4F1D-8EA3-EC7085F55BB9}.AppStore|iPhone.ActiveCfg = AppStore|iPhone
		{34AC143E-1536-4F1D-8EA3-EC7085F55BB9}.AppStore|iPhone.Build.0 = AppStore|iPhone
		{34AC143E-1536-4F1D-8EA3-EC7085F55BB9}.AppStore|iPhone.Deploy.0 = AppStore|iPhone
		{34AC143E-1536-4F1D-8EA3-EC7085F55BB9}.AppStore|iPhoneSimulator.ActiveCfg = AppStore|iPhoneSimulator
		{34AC143E-1536-4F1D-8EA3-EC7085F55BB9}.AppStore|iPhoneSimulator.Build.0 = AppStore|iPhoneSimulator
		{34AC143E-1536-4F1D-8EA3-EC7085F55BB9}.AppStore|iPhoneSimulator.Deploy.0 = AppStore|iPhoneSimulator
		{34AC143E-1536-4F1D-8EA3-EC7085F55BB9}.Debug|Any CPU.ActiveCfg = Debug|iPhoneSimulator
		{34AC143E-1536-4F1D-8EA3-EC7085F55BB9}.Debug|Any CPU.Build.0 = Debug|iPhoneSimulator
		{34AC143E-1536-4F1D-8EA3-EC7085F55BB9}.Debug|Any CPU.Deploy.0 = Debug|iPhoneSimulator
		{34AC143E-1536-4F1D-8EA3-EC7085F55BB9}.Debug|iPhone.ActiveCfg = Debug|iPhone
		{34AC143E-1536-4F1D-8EA3-EC7085F55BB9}.Debug|iPhone.Build.0 = Debug|iPhone
		{34AC143E-1536-4F1D-8EA3-EC7085F55BB9}.Debug|iPhone.Deploy.0 = Debug|iPhone
		{34AC143E-1536-4F1D-8EA3-EC7085F55BB9}.Debug|iPhoneSimulator.ActiveCfg = Debug|iPhoneSimulator
		{34AC143E-1536-4F1D-8EA3-EC7085F55BB9}.Debug|iPhoneSimulator.Build.0 = Debug|iPhoneSimulator
		{34AC143E-1536-4F1D-8EA3-EC7085F55BB9}.Debug|iPhoneSimulator.Deploy.0 = Debug|iPhoneSimulator
		{34AC143E-1536-4F1D-8EA3-EC7085F55BB9}.Release|Any CPU.ActiveCfg = Release|iPhone
		{34AC143E-1536-4F1D-8EA3-EC7085F55BB9}.Release|Any CPU.Build.0 = Release|iPhone
		{34AC143E-1536-4F1D-8EA3-EC7085F55BB9}.Release|Any CPU.Deploy.0 = Release|iPhone
		{34AC143E-1536-4F1D-8EA3-EC7085F55BB9}.Release|iPhone.ActiveCfg = Release|iPhone
		{34AC143E-1536-4F1D-8EA3-EC7085F55BB9}.Release|iPhone.Build.0 = Release|iPhone
		{34AC143E-1536-4F1D-8EA3-EC7085F55BB9}.Release|iPhone.Deploy.0 = Release|iPhone
		{34AC143E-1536-4F1D-8EA3-EC7085F55BB9}.Release|iPhoneSimulator.ActiveCfg = Release|iPhoneSimulator
		{34AC143E-1536-4F1D-8EA3-EC7085F55BB9}.Release|iPhoneSimulator.Build.0 = Release|iPhoneSimulator
		{34AC143E-1536-4F1D-8EA3-EC7085F55BB9}.Release|iPhoneSimulator.Deploy.0 = Release|iPhoneSimulator
		{1F806789-67D0-4C7C-AD78-9A4D56F3AF9F}.Ad-Hoc|Any CPU.ActiveCfg = Debug|Any CPU
		{1F806789-67D0-4C7C-AD78-9A4D56F3AF9F}.Ad-Hoc|Any CPU.Build.0 = Debug|Any CPU
		{1F806789-67D0-4C7C-AD78-9A4D56F3AF9F}.Ad-Hoc|Any CPU.Deploy.0 = Debug|Any CPU
		{1F806789-67D0-4C7C-AD78-9A4D56F3AF9F}.Ad-Hoc|iPhone.ActiveCfg = Debug|Any CPU
		{1F806789-67D0-4C7C-AD78-9A4D56F3AF9F}.Ad-Hoc|iPhone.Build.0 = Debug|Any CPU
		{1F806789-67D0-4C7C-AD78-9A4D56F3AF9F}.Ad-Hoc|iPhone.Deploy.0 = Debug|Any CPU
		{1F806789-67D0-4C7C-AD78-9A4D56F3AF9F}.Ad-Hoc|iPhoneSimulator.ActiveCfg = Debug|Any CPU
		{1F806789-67D0-4C7C-AD78-9A4D56F3AF9F}.Ad-Hoc|iPhoneSimulator.Build.0 = Debug|Any CPU
		{1F806789-67D0-4C7C-AD78-9A4D56F3AF9F}.Ad-Hoc|iPhoneSimulator.Deploy.0 = Debug|Any CPU
		{1F806789-67D0-4C7C-AD78-9A4D56F3AF9F}.AppStore|Any CPU.ActiveCfg = Debug|Any CPU
		{1F806789-67D0-4C7C-AD78-9A4D56F3AF9F}.AppStore|Any CPU.Build.0 = Debug|Any CPU
		{1F806789-67D0-4C7C-AD78-9A4D56F3AF9F}.AppStore|Any CPU.Deploy.0 = Debug|Any CPU
		{1F806789-67D0-4C7C-AD78-9A4D56F3AF9F}.AppStore|iPhone.ActiveCfg = Debug|Any CPU
		{1F806789-67D0-4C7C-AD78-9A4D56F3AF9F}.AppStore|iPhone.Build.0 = Debug|Any CPU
		{1F806789-67D0-4C7C-AD78-9A4D56F3AF9F}.AppStore|iPhone.Deploy.0 = Debug|Any CPU
		{1F806789-67D0-4C7C-AD78-9A4D56F3AF9F}.AppStore|iPhoneSimulator.ActiveCfg = Debug|Any CPU
		{1F806789-67D0-4C7C-AD78-9A4D56F3AF9F}.AppStore|iPhoneSimulator.Build.0 = Debug|Any CPU
		{1F806789-67D0-4C7C-AD78-9A4D56F3AF9F}.AppStore|iPhoneSimulator.Deploy.0 = Debug|Any CPU
		{1F806789-67D0-4C7C-AD78-9A4D56F3AF9F}.Debug|Any CPU.ActiveCfg = Debug|Any CPU
		{1F806789-67D0-4C7C-AD78-9A4D56F3AF9F}.Debug|Any CPU.Build.0 = Debug|Any CPU
		{1F806789-67D0-4C7C-AD78-9A4D56F3AF9F}.Debug|Any CPU.Deploy.0 = Debug|Any CPU
		{1F806789-67D0-4C7C-AD78-9A4D56F3AF9F}.Debug|iPhone.ActiveCfg = Debug|Any CPU
		{1F806789-67D0-4C7C-AD78-9A4D56F3AF9F}.Debug|iPhone.Build.0 = Debug|Any CPU
		{1F806789-67D0-4C7C-AD78-9A4D56F3AF9F}.Debug|iPhone.Deploy.0 = Debug|Any CPU
		{1F806789-67D0-4C7C-AD78-9A4D56F3AF9F}.Debug|iPhoneSimulator.ActiveCfg = Debug|Any CPU
		{1F806789-67D0-4C7C-AD78-9A4D56F3AF9F}.Debug|iPhoneSimulator.Build.0 = Debug|Any CPU
		{1F806789-67D0-4C7C-AD78-9A4D56F3AF9F}.Debug|iPhoneSimulator.Deploy.0 = Debug|Any CPU
		{1F806789-67D0-4C7C-AD78-9A4D56F3AF9F}.Release|Any CPU.ActiveCfg = Release|Any CPU
		{1F806789-67D0-4C7C-AD78-9A4D56F3AF9F}.Release|Any CPU.Build.0 = Release|Any CPU
		{1F806789-67D0-4C7C-AD78-9A4D56F3AF9F}.Release|Any CPU.Deploy.0 = Release|Any CPU
		{1F806789-67D0-4C7C-AD78-9A4D56F3AF9F}.Release|iPhone.ActiveCfg = Release|Any CPU
		{1F806789-67D0-4C7C-AD78-9A4D56F3AF9F}.Release|iPhone.Build.0 = Release|Any CPU
		{1F806789-67D0-4C7C-AD78-9A4D56F3AF9F}.Release|iPhone.Deploy.0 = Release|Any CPU
		{1F806789-67D0-4C7C-AD78-9A4D56F3AF9F}.Release|iPhoneSimulator.ActiveCfg = Release|Any CPU
		{1F806789-67D0-4C7C-AD78-9A4D56F3AF9F}.Release|iPhoneSimulator.Build.0 = Release|Any CPU
		{1F806789-67D0-4C7C-AD78-9A4D56F3AF9F}.Release|iPhoneSimulator.Deploy.0 = Release|Any CPU
	EndGlobalSection
	GlobalSection(SolutionProperties) = preSolution
		HideSolutionNode = FALSE
	EndGlobalSection
	GlobalSection(ExtensibilityGlobals) = postSolution
		SolutionGuid = {C71E5C89-D6A7-4B88-9EBA-B1F65FA13737}
	EndGlobalSection
EndGlobal
